<?xml version="1.0" encoding="utf-8"?>
<Project ToolsVersion="4.0" xmlns="http://schemas.microsoft.com/developer/msbuild/2003">
  <ItemGroup>
    <Filter Include="Engine">
      <UniqueIdentifier>{9fb180f6-7e62-4c76-b93c-81d4822f2a30}</UniqueIdentifier>
    </Filter>
    <Filter Include="Engine\Shaders">
      <UniqueIdentifier>{e4515a0f-9a04-4e18-8e14-de6b89abbad9}</UniqueIdentifier>
    </Filter>
    <Filter Include="CompileScripts">
      <UniqueIdentifier>{67f004f4-3952-4efb-8306-8bdf671f656c}</UniqueIdentifier>
    </Filter>
  </ItemGroup>
  <ItemGroup>
    <ClCompile Include="first_app.cpp">
      <Filter>Engine</Filter>
    </ClCompile>
    <ClCompile Include="main.cpp">
      <Filter>Engine</Filter>
    </ClCompile>
    <ClCompile Include="lve_window.cpp">
      <Filter>Engine</Filter>
    </ClCompile>
    <ClCompile Include="lve_pipeline.cpp" />
  </ItemGroup>
  <ItemGroup>
    <ClInclude Include="lve_window.hpp">
      <Filter>Engine</Filter>
    </ClInclude>
    <ClInclude Include="first_app.hpp">
      <Filter>Engine</Filter>
    </ClInclude>
    <ClInclude Include="lve_pipeline.hpp" />
  </ItemGroup>
  <ItemGroup>
    <None Include="simple_shader.vert">
      <Filter>Engine\Shaders</Filter>
    </None>
    <None Include="simple_shader.frag">
      <Filter>Engine\Shaders</Filter>
    </None>
    <None Include="compile.sh">
      <Filter>CompileScripts</Filter>
    </None>
  </ItemGroup>
</Project>